
Microsoft Visual Studio Solution File, Format Version 12.00
# Visual Studio Version 17
VisualStudioVersion = 17.5.002.0
MinimumVisualStudioVersion = 10.0.40219.1
Project("{9A19103F-16F7-4668-BE54-9A1E7A4F7556}") = "Color", "Color.csproj", "{86FD194A-9F70-4413-BDEB-694004F4F101}"
EndProject
Global
	GlobalSection(SolutionConfigurationPlatforms) = preSolution
		Debug|Any CPU = Debug|Any CPU
		Release|Any CPU = Release|Any CPU
	EndGlobalSection
	GlobalSection(ProjectConfigurationPlatforms) = postSolution
		{86FD194A-9F70-4413-BDEB-694004F4F101}.Debug|Any CPU.ActiveCfg = Debug|Any CPU
		{86FD194A-9F70-4413-BDEB-694004F4F101}.Debug|Any CPU.Build.0 = Debug|Any CPU
		{86FD194A-9F70-4413-BDEB-694004F4F101}.Release|Any CPU.ActiveCfg = Release|Any CPU
		{86FD194A-9F70-4413-BDEB-694004F4F101}.Release|Any CPU.Build.0 = Release|Any CPU
	EndGlobalSection
	GlobalSection(SolutionProperties) = preSolution
		HideSolutionNode = FALSE
	EndGlobalSection
	GlobalSection(ExtensibilityGlobals) = postSolution
		SolutionGuid = {57286497-E940-4FB5-B6AB-A53328FA265C}
	EndGlobalSection
EndGlobal
